
Microsoft Visual Studio Solution File, Format Version 12.00
# Visual Studio Version 17
VisualStudioVersion = 17.11.35327.3
MinimumVisualStudioVersion = 10.0.40219.1
Project("{8BC9CEB8-8B4A-11D0-8D11-00A0C91BC942}") = "EmployeeDataParser", "EmployeeDataParser\EmployeeDataParser.vcxproj", "{A8384CE5-EAEF-47D9-8074-816B330E1E6B}"
EndProject
Global
	GlobalSection(SolutionConfigurationPlatforms) = preSolution
		Debug|x64 = Debug|x64
		Debug|x86 = Debug|x86
		Release|x64 = Release|x64
		Release|x86 = Release|x86
	EndGlobalSection
	GlobalSection(ProjectConfigurationPlatforms) = postSolution
		{A8384CE5-EAEF-47D9-8074-816B330E1E6B}.Debug|x64.ActiveCfg = Debug|x64
		{A8384CE5-EAEF-47D9-8074-816B330E1E6B}.Debug|x64.Build.0 = Debug|x64
		{A8384CE5-EAEF-47D9-8074-816B330E1E6B}.Debug|x86.ActiveCfg = Debug|Win32
		{A8384CE5-EAEF-47D9-8074-816B330E1E6B}.Debug|x86.Build.0 = Debug|Win32
		{A8384CE5-EAEF-47D9-8074-816B330E1E6B}.Release|x64.ActiveCfg = Release|x64
		{A8384CE5-EAEF-47D9-8074-816B330E1E6B}.Release|x64.Build.0 = Release|x64
		{A8384CE5-EAEF-47D9-8074-816B330E1E6B}.Release|x86.ActiveCfg = Release|Win32
		{A8384CE5-EAEF-47D9-8074-816B330E1E6B}.Release|x86.Build.0 = Release|Win32
	EndGlobalSection
	GlobalSection(SolutionProperties) = preSolution
		HideSolutionNode = FALSE
	EndGlobalSection
	GlobalSection(ExtensibilityGlobals) = postSolution
		SolutionGuid = {D5AB7A23-F055-4436-BCCB-3E734CE5DD13}
	EndGlobalSection
EndGlobal
